
Microsoft Visual Studio Solution File, Format Version 12.00
# Visual Studio Version 17
VisualStudioVersion = 17.3.32929.385
MinimumVisualStudioVersion = 10.0.40219.1
Project("{FAE04EC0-301F-11D3-BF4B-00C04F79EFBC}") = "Projekt3_Plutka62026", "Projekt3_Plutka62026.csproj", "{380D86CF-9FB6-459A-A295-317F1A121921}"
EndProject
Global
	GlobalSection(SolutionConfigurationPlatforms) = preSolution
		Debug|Any CPU = Debug|Any CPU
		Release|Any CPU = Release|Any CPU
	EndGlobalSection
	GlobalSection(ProjectConfigurationPlatforms) = postSolution
		{380D86CF-9FB6-459A-A295-317F1A121921}.Debug|Any CPU.ActiveCfg = Debug|Any CPU
		{380D86CF-9FB6-459A-A295-317F1A121921}.Debug|Any CPU.Build.0 = Debug|Any CPU
		{380D86CF-9FB6-459A-A295-317F1A121921}.Release|Any CPU.ActiveCfg = Release|Any CPU
		{380D86CF-9FB6-459A-A295-317F1A121921}.Release|Any CPU.Build.0 = Release|Any CPU
	EndGlobalSection
	GlobalSection(SolutionProperties) = preSolution
		HideSolutionNode = FALSE
	EndGlobalSection
	GlobalSection(ExtensibilityGlobals) = postSolution
		SolutionGuid = {8B03B081-9545-4999-BDD2-96097CF8DF09}
	EndGlobalSection
EndGlobal
